
Microsoft Visual Studio Solution File, Format Version 12.00
# Visual Studio Version 16
VisualStudioVersion = 16.0.30717.126
MinimumVisualStudioVersion = 10.0.40219.1
Project("{9A19103F-16F7-4668-BE54-9A1E7A4F7556}") = "EmployeeWebAPI", "EmployeeWebAPI\EmployeeWebAPI.csproj", "{4221E441-DC1A-4C2A-824F-088B9B4CB6E0}"
EndProject
Project("{FAE04EC0-301F-11D3-BF4B-00C04F79EFBC}") = "Entity", "Entity\Entity.csproj", "{7A61C3B2-BB50-4AB7-AD6A-EB7F09033EF8}"
EndProject
Project("{FAE04EC0-301F-11D3-BF4B-00C04F79EFBC}") = "data", "data\data.csproj", "{7B972663-137B-4E0C-905E-45EFD6555277}"
EndProject
Project("{FAE04EC0-301F-11D3-BF4B-00C04F79EFBC}") = "core", "core\core.csproj", "{5F01E8C8-B83D-487C-A4F8-F2F82DA2FB7E}"
EndProject
Global
	GlobalSection(SolutionConfigurationPlatforms) = preSolution
		Debug|Any CPU = Debug|Any CPU
		Release|Any CPU = Release|Any CPU
	EndGlobalSection
	GlobalSection(ProjectConfigurationPlatforms) = postSolution
		{4221E441-DC1A-4C2A-824F-088B9B4CB6E0}.Debug|Any CPU.ActiveCfg = Debug|Any CPU
		{4221E441-DC1A-4C2A-824F-088B9B4CB6E0}.Debug|Any CPU.Build.0 = Debug|Any CPU
		{4221E441-DC1A-4C2A-824F-088B9B4CB6E0}.Release|Any CPU.ActiveCfg = Release|Any CPU
		{4221E441-DC1A-4C2A-824F-088B9B4CB6E0}.Release|Any CPU.Build.0 = Release|Any CPU
		{7A61C3B2-BB50-4AB7-AD6A-EB7F09033EF8}.Debug|Any CPU.ActiveCfg = Debug|Any CPU
		{7A61C3B2-BB50-4AB7-AD6A-EB7F09033EF8}.Debug|Any CPU.Build.0 = Debug|Any CPU
		{7A61C3B2-BB50-4AB7-AD6A-EB7F09033EF8}.Release|Any CPU.ActiveCfg = Release|Any CPU
		{7A61C3B2-BB50-4AB7-AD6A-EB7F09033EF8}.Release|Any CPU.Build.0 = Release|Any CPU
		{7B972663-137B-4E0C-905E-45EFD6555277}.Debug|Any CPU.ActiveCfg = Debug|Any CPU
		{7B972663-137B-4E0C-905E-45EFD6555277}.Debug|Any CPU.Build.0 = Debug|Any CPU
		{7B972663-137B-4E0C-905E-45EFD6555277}.Release|Any CPU.ActiveCfg = Release|Any CPU
		{7B972663-137B-4E0C-905E-45EFD6555277}.Release|Any CPU.Build.0 = Release|Any CPU
		{5F01E8C8-B83D-487C-A4F8-F2F82DA2FB7E}.Debug|Any CPU.ActiveCfg = Debug|Any CPU
		{5F01E8C8-B83D-487C-A4F8-F2F82DA2FB7E}.Debug|Any CPU.Build.0 = Debug|Any CPU
		{5F01E8C8-B83D-487C-A4F8-F2F82DA2FB7E}.Release|Any CPU.ActiveCfg = Release|Any CPU
		{5F01E8C8-B83D-487C-A4F8-F2F82DA2FB7E}.Release|Any CPU.Build.0 = Release|Any CPU
	EndGlobalSection
	GlobalSection(SolutionProperties) = preSolution
		HideSolutionNode = FALSE
	EndGlobalSection
	GlobalSection(ExtensibilityGlobals) = postSolution
		SolutionGuid = {40A44688-FE21-4622-AD67-AA6D366E620E}
	EndGlobalSection
EndGlobal
